
Microsoft Visual Studio Solution File, Format Version 12.00
# Visual Studio Version 17
VisualStudioVersion = 17.3.32825.248
MinimumVisualStudioVersion = 10.0.40219.1
Project("{FAE04EC0-301F-11D3-BF4B-00C04F79EFBC}") = "MarklinWebScrapper", "MarklinWebScrapper\MarklinWebScrapper.csproj", "{32739537-659B-46F6-9F67-523DD073D504}"
EndProject
Global
	GlobalSection(SolutionConfigurationPlatforms) = preSolution
		Debug|Any CPU = Debug|Any CPU
		Release|Any CPU = Release|Any CPU
	EndGlobalSection
	GlobalSection(ProjectConfigurationPlatforms) = postSolution
		{32739537-659B-46F6-9F67-523DD073D504}.Debug|Any CPU.ActiveCfg = Debug|Any CPU
		{32739537-659B-46F6-9F67-523DD073D504}.Debug|Any CPU.Build.0 = Debug|Any CPU
		{32739537-659B-46F6-9F67-523DD073D504}.Release|Any CPU.ActiveCfg = Release|Any CPU
		{32739537-659B-46F6-9F67-523DD073D504}.Release|Any CPU.Build.0 = Release|Any CPU
	EndGlobalSection
	GlobalSection(SolutionProperties) = preSolution
		HideSolutionNode = FALSE
	EndGlobalSection
	GlobalSection(ExtensibilityGlobals) = postSolution
		SolutionGuid = {B7C2E40D-2EC7-4165-BDE7-B40DED3B89EF}
	EndGlobalSection
EndGlobal
